
Microsoft Visual Studio Solution File, Format Version 12.00
# Visual Studio Version 17
VisualStudioVersion = 17.5.002.0
MinimumVisualStudioVersion = 10.0.40219.1
Project("{9A19103F-16F7-4668-BE54-9A1E7A4F7556}") = "Leetcode", "Leetcode.csproj", "{F7674647-9E31-4D1A-A03E-B9B44747B2BC}"
EndProject
Global
	GlobalSection(SolutionConfigurationPlatforms) = preSolution
		Debug|Any CPU = Debug|Any CPU
		Release|Any CPU = Release|Any CPU
	EndGlobalSection
	GlobalSection(ProjectConfigurationPlatforms) = postSolution
		{F7674647-9E31-4D1A-A03E-B9B44747B2BC}.Debug|Any CPU.ActiveCfg = Debug|Any CPU
		{F7674647-9E31-4D1A-A03E-B9B44747B2BC}.Debug|Any CPU.Build.0 = Debug|Any CPU
		{F7674647-9E31-4D1A-A03E-B9B44747B2BC}.Release|Any CPU.ActiveCfg = Release|Any CPU
		{F7674647-9E31-4D1A-A03E-B9B44747B2BC}.Release|Any CPU.Build.0 = Release|Any CPU
	EndGlobalSection
	GlobalSection(SolutionProperties) = preSolution
		HideSolutionNode = FALSE
	EndGlobalSection
	GlobalSection(ExtensibilityGlobals) = postSolution
		SolutionGuid = {A9A85F12-D4DB-40CC-8E49-24F56B4EAE1D}
	EndGlobalSection
EndGlobal
